<?xml version="1.0" encoding="utf-8"?>
<Project ToolsVersion="4.0" xmlns="http://schemas.microsoft.com/developer/msbuild/2003">
  <ItemGroup>
    <Filter Include="src">
      <UniqueIdentifier>{4FC737F1-C7A5-4376-A066-2A32D752A2FF}</UniqueIdentifier>
      <Extensions>cpp;c;cc;cxx;def;odl;idl;hpj;bat;asm;asmx</Extensions>
    </Filter>
    <Filter Include="res">
      <UniqueIdentifier>{f6c3cc0c-1802-4ec1-bbcd-31d364f19e60}</UniqueIdentifier>
    </Filter>
    <Filter Include="src\KeyCallback">
      <UniqueIdentifier>{f9727bd3-bd80-4e92-877c-d283295d00c4}</UniqueIdentifier>
    </Filter>
  </ItemGroup>
  <ItemGroup>
    <ClCompile Include="main.cpp">
      <Filter>src</Filter>
    </ClCompile>
    <ClCompile Include="keycallbacktest.cpp">
      <Filter>src\KeyCallback</Filter>
    </ClCompile>
  </ItemGroup>
  <ItemGroup>
    <None Include="glfw3.dll">
      <Filter>res</Filter>
    </None>
  </ItemGroup>
  <ItemGroup>
    <ClInclude Include="keycallbacktest.h">
      <Filter>src\KeyCallback</Filter>
    </ClInclude>
  </ItemGroup>
</Project>