
Microsoft Visual Studio Solution File, Format Version 12.00
# Visual Studio 15
VisualStudioVersion = 15.0.28010.2026
MinimumVisualStudioVersion = 10.0.40219.1
Project("{2150E333-8FDC-42A3-9474-1A3956D46DE8}") = "lib", "lib", "{A93C3DB3-D87E-45F5-A6AF-9CD1BFF471AB}"
EndProject
Project("{2150E333-8FDC-42A3-9474-1A3956D46DE8}") = "test", "test", "{B7D2C992-B8CD-4A19-8BE2-0768C2FE5BF1}"
EndProject
Project("{8BC9CEB8-8B4A-11D0-8D11-00A0C91BC942}") = "SimpleCore", "SimpleCore\SimpleCore.vcxproj", "{870473C8-979D-42AD-9499-922C9D1A551A}"
EndProject
Project("{8BC9CEB8-8B4A-11D0-8D11-00A0C91BC942}") = "SimpleNetwork", "SimpleNetwork\SimpleNetwork.vcxproj", "{A56DE00F-715F-4CA1-A52C-E5F90D68CF20}"
EndProject
Project("{8BC9CEB8-8B4A-11D0-8D11-00A0C91BC942}") = "SimpleMySql", "SimpleMySql\SimpleMySql.vcxproj", "{CDFBE5EE-B717-419F-BD6E-94F5942F6CE6}"
EndProject
Project("{8BC9CEB8-8B4A-11D0-8D11-00A0C91BC942}") = "SimpleGraphics", "SimpleGraphics\SimpleGraphics.vcxproj", "{87D713F9-6347-4DB1-9D02-4A0AA746E8A8}"
EndProject
Project("{8BC9CEB8-8B4A-11D0-8D11-00A0C91BC942}") = "SimpleGui", "SimpleGui\SimpleGui.vcxproj", "{76545098-1662-4363-8CA4-C919EFA96398}"
EndProject
Project("{8BC9CEB8-8B4A-11D0-8D11-00A0C91BC942}") = "SimpleGraphics.Test", "SimpleGraphics.Test\SimpleGraphics.Test.vcxproj", "{86721DCF-E7DE-429F-887E-172AFCEF8606}"
EndProject
Project("{8BC9CEB8-8B4A-11D0-8D11-00A0C91BC942}") = "SimpleGui.Test", "SimpleGui.Test\SimpleGui.Test.vcxproj", "{6DA76FF3-DFA0-42AE-B18E-D496794775B7}"
EndProject
Project("{8BC9CEB8-8B4A-11D0-8D11-00A0C91BC942}") = "SimpleMySql.Test", "SimpleMySql.Test\SimpleMySql.Test.vcxproj", "{6CFC1D48-27E6-49E5-AEF5-01886956446E}"
EndProject
Project("{8BC9CEB8-8B4A-11D0-8D11-00A0C91BC942}") = "SimpleNetwork.Test", "SimpleNetwork.Test\SimpleNetwork.Test.vcxproj", "{A0413820-F707-4783-B891-41474609ED60}"
EndProject
Project("{8BC9CEB8-8B4A-11D0-8D11-00A0C91BC942}") = "SimpleCore.Test", "SimpleCore.Test\SimpleCore.Test.vcxproj", "{42229F1A-6915-402A-9B98-E5586338BFAA}"
EndProject
Global
	GlobalSection(SolutionConfigurationPlatforms) = preSolution
		Debug|x64 = Debug|x64
		Debug|x86 = Debug|x86
		Release|x64 = Release|x64
		Release|x86 = Release|x86
	EndGlobalSection
	GlobalSection(ProjectConfigurationPlatforms) = postSolution
		{870473C8-979D-42AD-9499-922C9D1A551A}.Debug|x64.ActiveCfg = Debug|x64
		{870473C8-979D-42AD-9499-922C9D1A551A}.Debug|x64.Build.0 = Debug|x64
		{870473C8-979D-42AD-9499-922C9D1A551A}.Debug|x86.ActiveCfg = Debug|Win32
		{870473C8-979D-42AD-9499-922C9D1A551A}.Debug|x86.Build.0 = Debug|Win32
		{870473C8-979D-42AD-9499-922C9D1A551A}.Release|x64.ActiveCfg = Release|x64
		{870473C8-979D-42AD-9499-922C9D1A551A}.Release|x64.Build.0 = Release|x64
		{870473C8-979D-42AD-9499-922C9D1A551A}.Release|x86.ActiveCfg = Release|Win32
		{870473C8-979D-42AD-9499-922C9D1A551A}.Release|x86.Build.0 = Release|Win32
		{A56DE00F-715F-4CA1-A52C-E5F90D68CF20}.Debug|x64.ActiveCfg = Debug|x64
		{A56DE00F-715F-4CA1-A52C-E5F90D68CF20}.Debug|x64.Build.0 = Debug|x64
		{A56DE00F-715F-4CA1-A52C-E5F90D68CF20}.Debug|x86.ActiveCfg = Debug|Win32
		{A56DE00F-715F-4CA1-A52C-E5F90D68CF20}.Debug|x86.Build.0 = Debug|Win32
		{A56DE00F-715F-4CA1-A52C-E5F90D68CF20}.Release|x64.ActiveCfg = Release|x64
		{A56DE00F-715F-4CA1-A52C-E5F90D68CF20}.Release|x64.Build.0 = Release|x64
		{A56DE00F-715F-4CA1-A52C-E5F90D68CF20}.Release|x86.ActiveCfg = Release|Win32
		{A56DE00F-715F-4CA1-A52C-E5F90D68CF20}.Release|x86.Build.0 = Release|Win32
		{CDFBE5EE-B717-419F-BD6E-94F5942F6CE6}.Debug|x64.ActiveCfg = Debug|x64
		{CDFBE5EE-B717-419F-BD6E-94F5942F6CE6}.Debug|x64.Build.0 = Debug|x64
		{CDFBE5EE-B717-419F-BD6E-94F5942F6CE6}.Debug|x86.ActiveCfg = Debug|Win32
		{CDFBE5EE-B717-419F-BD6E-94F5942F6CE6}.Debug|x86.Build.0 = Debug|Win32
		{CDFBE5EE-B717-419F-BD6E-94F5942F6CE6}.Release|x64.ActiveCfg = Release|x64
		{CDFBE5EE-B717-419F-BD6E-94F5942F6CE6}.Release|x64.Build.0 = Release|x64
		{CDFBE5EE-B717-419F-BD6E-94F5942F6CE6}.Release|x86.ActiveCfg = Release|Win32
		{CDFBE5EE-B717-419F-BD6E-94F5942F6CE6}.Release|x86.Build.0 = Release|Win32
		{87D713F9-6347-4DB1-9D02-4A0AA746E8A8}.Debug|x64.ActiveCfg = Debug|x64
		{87D713F9-6347-4DB1-9D02-4A0AA746E8A8}.Debug|x64.Build.0 = Debug|x64
		{87D713F9-6347-4DB1-9D02-4A0AA746E8A8}.Debug|x86.ActiveCfg = Debug|Win32
		{87D713F9-6347-4DB1-9D02-4A0AA746E8A8}.Debug|x86.Build.0 = Debug|Win32
		{87D713F9-6347-4DB1-9D02-4A0AA746E8A8}.Release|x64.ActiveCfg = Release|x64
		{87D713F9-6347-4DB1-9D02-4A0AA746E8A8}.Release|x64.Build.0 = Release|x64
		{87D713F9-6347-4DB1-9D02-4A0AA746E8A8}.Release|x86.ActiveCfg = Release|Win32
		{87D713F9-6347-4DB1-9D02-4A0AA746E8A8}.Release|x86.Build.0 = Release|Win32
		{76545098-1662-4363-8CA4-C919EFA96398}.Debug|x64.ActiveCfg = Debug|x64
		{76545098-1662-4363-8CA4-C919EFA96398}.Debug|x64.Build.0 = Debug|x64
		{76545098-1662-4363-8CA4-C919EFA96398}.Debug|x86.ActiveCfg = Debug|Win32
		{76545098-1662-4363-8CA4-C919EFA96398}.Debug|x86.Build.0 = Debug|Win32
		{76545098-1662-4363-8CA4-C919EFA96398}.Release|x64.ActiveCfg = Release|x64
		{76545098-1662-4363-8CA4-C919EFA96398}.Release|x64.Build.0 = Release|x64
		{76545098-1662-4363-8CA4-C919EFA96398}.Release|x86.ActiveCfg = Release|Win32
		{76545098-1662-4363-8CA4-C919EFA96398}.Release|x86.Build.0 = Release|Win32
		{86721DCF-E7DE-429F-887E-172AFCEF8606}.Debug|x64.ActiveCfg = Debug|x64
		{86721DCF-E7DE-429F-887E-172AFCEF8606}.Debug|x64.Build.0 = Debug|x64
		{86721DCF-E7DE-429F-887E-172AFCEF8606}.Debug|x86.ActiveCfg = Debug|Win32
		{86721DCF-E7DE-429F-887E-172AFCEF8606}.Debug|x86.Build.0 = Debug|Win32
		{86721DCF-E7DE-429F-887E-172AFCEF8606}.Release|x64.ActiveCfg = Release|x64
		{86721DCF-E7DE-429F-887E-172AFCEF8606}.Release|x64.Build.0 = Release|x64
		{86721DCF-E7DE-429F-887E-172AFCEF8606}.Release|x86.ActiveCfg = Release|Win32
		{86721DCF-E7DE-429F-887E-172AFCEF8606}.Release|x86.Build.0 = Release|Win32
		{6DA76FF3-DFA0-42AE-B18E-D496794775B7}.Debug|x64.ActiveCfg = Debug|x64
		{6DA76FF3-DFA0-42AE-B18E-D496794775B7}.Debug|x64.Build.0 = Debug|x64
		{6DA76FF3-DFA0-42AE-B18E-D496794775B7}.Debug|x86.ActiveCfg = Debug|Win32
		{6DA76FF3-DFA0-42AE-B18E-D496794775B7}.Debug|x86.Build.0 = Debug|Win32
		{6DA76FF3-DFA0-42AE-B18E-D496794775B7}.Release|x64.ActiveCfg = Release|x64
		{6DA76FF3-DFA0-42AE-B18E-D496794775B7}.Release|x64.Build.0 = Release|x64
		{6DA76FF3-DFA0-42AE-B18E-D496794775B7}.Release|x86.ActiveCfg = Release|Win32
		{6DA76FF3-DFA0-42AE-B18E-D496794775B7}.Release|x86.Build.0 = Release|Win32
		{6CFC1D48-27E6-49E5-AEF5-01886956446E}.Debug|x64.ActiveCfg = Debug|x64
		{6CFC1D48-27E6-49E5-AEF5-01886956446E}.Debug|x64.Build.0 = Debug|x64
		{6CFC1D48-27E6-49E5-AEF5-01886956446E}.Debug|x86.ActiveCfg = Debug|Win32
		{6CFC1D48-27E6-49E5-AEF5-01886956446E}.Debug|x86.Build.0 = Debug|Win32
		{6CFC1D48-27E6-49E5-AEF5-01886956446E}.Release|x64.ActiveCfg = Release|x64
		{6CFC1D48-27E6-49E5-AEF5-01886956446E}.Release|x64.Build.0 = Release|x64
		{6CFC1D48-27E6-49E5-AEF5-01886956446E}.Release|x86.ActiveCfg = Release|Win32
		{6CFC1D48-27E6-49E5-AEF5-01886956446E}.Release|x86.Build.0 = Release|Win32
		{A0413820-F707-4783-B891-41474609ED60}.Debug|x64.ActiveCfg = Debug|x64
		{A0413820-F707-4783-B891-41474609ED60}.Debug|x64.Build.0 = Debug|x64
		{A0413820-F707-4783-B891-41474609ED60}.Debug|x86.ActiveCfg = Debug|Win32
		{A0413820-F707-4783-B891-41474609ED60}.Debug|x86.Build.0 = Debug|Win32
		{A0413820-F707-4783-B891-41474609ED60}.Release|x64.ActiveCfg = Release|x64
		{A0413820-F707-4783-B891-41474609ED60}.Release|x64.Build.0 = Release|x64
		{A0413820-F707-4783-B891-41474609ED60}.Release|x86.ActiveCfg = Release|Win32
		{A0413820-F707-4783-B891-41474609ED60}.Release|x86.Build.0 = Release|Win32
		{42229F1A-6915-402A-9B98-E5586338BFAA}.Debug|x64.ActiveCfg = Debug|x64
		{42229F1A-6915-402A-9B98-E5586338BFAA}.Debug|x64.Build.0 = Debug|x64
		{42229F1A-6915-402A-9B98-E5586338BFAA}.Debug|x86.ActiveCfg = Debug|Win32
		{42229F1A-6915-402A-9B98-E5586338BFAA}.Debug|x86.Build.0 = Debug|Win32
		{42229F1A-6915-402A-9B98-E5586338BFAA}.Release|x64.ActiveCfg = Release|x64
		{42229F1A-6915-402A-9B98-E5586338BFAA}.Release|x64.Build.0 = Release|x64
		{42229F1A-6915-402A-9B98-E5586338BFAA}.Release|x86.ActiveCfg = Release|Win32
		{42229F1A-6915-402A-9B98-E5586338BFAA}.Release|x86.Build.0 = Release|Win32
	EndGlobalSection
	GlobalSection(SolutionProperties) = preSolution
		HideSolutionNode = FALSE
	EndGlobalSection
	GlobalSection(NestedProjects) = preSolution
		{870473C8-979D-42AD-9499-922C9D1A551A} = {A93C3DB3-D87E-45F5-A6AF-9CD1BFF471AB}
		{A56DE00F-715F-4CA1-A52C-E5F90D68CF20} = {A93C3DB3-D87E-45F5-A6AF-9CD1BFF471AB}
		{CDFBE5EE-B717-419F-BD6E-94F5942F6CE6} = {A93C3DB3-D87E-45F5-A6AF-9CD1BFF471AB}
		{87D713F9-6347-4DB1-9D02-4A0AA746E8A8} = {A93C3DB3-D87E-45F5-A6AF-9CD1BFF471AB}
		{76545098-1662-4363-8CA4-C919EFA96398} = {A93C3DB3-D87E-45F5-A6AF-9CD1BFF471AB}
		{86721DCF-E7DE-429F-887E-172AFCEF8606} = {B7D2C992-B8CD-4A19-8BE2-0768C2FE5BF1}
		{6DA76FF3-DFA0-42AE-B18E-D496794775B7} = {B7D2C992-B8CD-4A19-8BE2-0768C2FE5BF1}
		{6CFC1D48-27E6-49E5-AEF5-01886956446E} = {B7D2C992-B8CD-4A19-8BE2-0768C2FE5BF1}
		{A0413820-F707-4783-B891-41474609ED60} = {B7D2C992-B8CD-4A19-8BE2-0768C2FE5BF1}
		{42229F1A-6915-402A-9B98-E5586338BFAA} = {B7D2C992-B8CD-4A19-8BE2-0768C2FE5BF1}
	EndGlobalSection
	GlobalSection(ExtensibilityGlobals) = postSolution
		SolutionGuid = {CD3E3A24-987A-468A-88E7-D6C6C78B706B}
	EndGlobalSection
EndGlobal
