<?xml version="1.0" encoding="utf-8"?>
<Project ToolsVersion="4.0" xmlns="http://schemas.microsoft.com/developer/msbuild/2003">
  <ItemGroup>
    <Filter Include="src">
      <UniqueIdentifier>{4FC737F1-C7A5-4376-A066-2A32D752A2FF}</UniqueIdentifier>
      <Extensions>cpp;c;cc;cxx;def;odl;idl;hpj;bat;asm;asmx</Extensions>
    </Filter>
    <Filter Include="src\Form">
      <UniqueIdentifier>{81dd8d0e-b99d-4815-b521-a87d775bc9dc}</UniqueIdentifier>
    </Filter>
    <Filter Include="src\Internal">
      <UniqueIdentifier>{c8ca244f-d2c8-447a-9040-10729e06f972}</UniqueIdentifier>
    </Filter>
    <Filter Include="src\Screen">
      <UniqueIdentifier>{88608c67-0d86-4a65-9c40-fd7b5532db8b}</UniqueIdentifier>
    </Filter>
    <Filter Include="src\MessageBox">
      <UniqueIdentifier>{7cc6c387-c0d0-4060-b60e-aa402a9b1537}</UniqueIdentifier>
    </Filter>
    <Filter Include="src\MessageBox\OutputBoxResult">
      <UniqueIdentifier>{71e13bd4-fe7f-49b8-b252-2bcb2c32d82f}</UniqueIdentifier>
    </Filter>
    <Filter Include="src\MessageBox\OutputBoxIcon">
      <UniqueIdentifier>{30b2b359-fc20-4880-8589-30a57307d700}</UniqueIdentifier>
    </Filter>
    <Filter Include="src\MessageBox\OutputBoxDefaultButton">
      <UniqueIdentifier>{5013b349-9edb-47e3-b62d-c3ed91f315ba}</UniqueIdentifier>
    </Filter>
    <Filter Include="src\MessageBox\OutputBoxButtons">
      <UniqueIdentifier>{82220b1e-69f1-49f0-913c-257f1556b3b6}</UniqueIdentifier>
    </Filter>
  </ItemGroup>
  <ItemGroup>
    <ClCompile Include="form.cpp">
      <Filter>src\Form</Filter>
    </ClCompile>
    <ClCompile Include="pprinf.cpp">
      <Filter>src\Internal</Filter>
    </ClCompile>
    <ClCompile Include="pslmain.cpp">
      <Filter>src\Internal</Filter>
    </ClCompile>
    <ClCompile Include="screen.cpp">
      <Filter>src\Screen</Filter>
    </ClCompile>
    <ClCompile Include="outputbox.cpp">
      <Filter>src\MessageBox</Filter>
    </ClCompile>
  </ItemGroup>
  <ItemGroup>
    <ClInclude Include="form.h">
      <Filter>src\Form</Filter>
    </ClInclude>
    <ClInclude Include="pprinf.h">
      <Filter>src\Internal</Filter>
    </ClInclude>
    <ClInclude Include="screen.h">
      <Filter>src\Screen</Filter>
    </ClInclude>
    <ClInclude Include="obresult.h">
      <Filter>src\MessageBox\OutputBoxResult</Filter>
    </ClInclude>
    <ClInclude Include="obicon.h">
      <Filter>src\MessageBox\OutputBoxIcon</Filter>
    </ClInclude>
    <ClInclude Include="obdefaultbutton.h">
      <Filter>src\MessageBox\OutputBoxDefaultButton</Filter>
    </ClInclude>
    <ClInclude Include="obbuttons.h">
      <Filter>src\MessageBox\OutputBoxButtons</Filter>
    </ClInclude>
    <ClInclude Include="outputbox.h">
      <Filter>src\MessageBox</Filter>
    </ClInclude>
  </ItemGroup>
</Project>