<?xml version="1.0" encoding="utf-8"?>
<Project ToolsVersion="4.0" xmlns="http://schemas.microsoft.com/developer/msbuild/2003">
  <ItemGroup>
    <Filter Include="src">
      <UniqueIdentifier>{4FC737F1-C7A5-4376-A066-2A32D752A2FF}</UniqueIdentifier>
      <Extensions>cpp;c;cc;cxx;def;odl;idl;hpj;bat;asm;asmx</Extensions>
    </Filter>
    <Filter Include="lib">
      <UniqueIdentifier>{c4c557ea-555a-4786-985d-b2c50d595f41}</UniqueIdentifier>
    </Filter>
    <Filter Include="src\GfxUtils">
      <UniqueIdentifier>{7a899b29-252c-4a44-ac8a-72846c9b76d8}</UniqueIdentifier>
    </Filter>
    <Filter Include="src\KeyCallback">
      <UniqueIdentifier>{cf36c9be-744c-469c-83ee-c3598eda3c17}</UniqueIdentifier>
    </Filter>
    <Filter Include="src\Window">
      <UniqueIdentifier>{a54f422e-3dcc-4c79-ad27-2c3dfe501996}</UniqueIdentifier>
    </Filter>
  </ItemGroup>
  <ItemGroup>
    <ClInclude Include="gfxutils.h">
      <Filter>src\GfxUtils</Filter>
    </ClInclude>
    <ClInclude Include="keycallback.h">
      <Filter>src\KeyCallback</Filter>
    </ClInclude>
    <ClInclude Include="window.h">
      <Filter>src\Window</Filter>
    </ClInclude>
  </ItemGroup>
  <ItemGroup>
    <None Include="glew32.dll">
      <Filter>lib</Filter>
    </None>
    <None Include="glfw3.dll">
      <Filter>lib</Filter>
    </None>
  </ItemGroup>
  <ItemGroup>
    <ClCompile Include="gfxutils.cpp">
      <Filter>src\GfxUtils</Filter>
    </ClCompile>
    <ClCompile Include="keycallback.cpp">
      <Filter>src\KeyCallback</Filter>
    </ClCompile>
    <ClCompile Include="window.cpp">
      <Filter>src\Window</Filter>
    </ClCompile>
  </ItemGroup>
</Project>